{
    "_readme": [
        "This file locks the dependencies of your project to a known state",
        "Read more about it at https://getcomposer.org/doc/01-basic-usage.md#installing-dependencies",
        "This file is @generated automatically"
    ],
    "content-hash": "3854fdbff6e84168175f07890506a4ae",
    "packages": [
        {
            "name": "mcshane/chem-common",
            "version": "dev-main",
            "dist": {
                "type": "path",
                "url": "/home/eadrom/dev/ChemCommon",
                "reference": "b8e942a7494844aba51e3f6ab1ed7d96515695c5"
            },
            "type": "library",
            "autoload": {
                "psr-4": {
                    "ChemCommon\\": "src"
                }
            },
            "license": [
                "MIT"
            ],
            "authors": [
                {
                    "name": "Shane Burns",
                    "email": "mcshaneburns@gmail.com"
                }
            ],
            "description": "Main encapsulation of core functionality in MVC, CORE, or API application.",
            "transport-options": {
                "relative": false
            }
        }
    ],
    "packages-dev": [],
    "aliases": [],
    "minimum-stability": "stable",
    "stability-flags": {
        "mcshane/chem-common": 20
    },
    "prefer-stable": false,
    "prefer-lowest": false,
    "platform": [],
    "platform-dev": [],
    "plugin-api-version": "2.3.0"
}
