{
    "_readme": [
        "This file locks the dependencies of your project to a known state",
        "Read more about it at https://getcomposer.org/doc/01-basic-usage.md#installing-dependencies",
        "This file is @generated automatically"
    ],
    "content-hash": "ba391eec499e8f29328085c2c3005fc8",
    "packages": [
        {
            "name": "mcshane/chem-common",
            "version": "dev-main",
            "source": {
                "type": "git",
                "url": "https://github.com/shaneburns/ChemCommon.git",
                "reference": "fe5ee7ce60a174074fab87b11764ddc4d5b2bc38"
            },
            "default-branch": true,
            "type": "library",
            "autoload": {
                "psr-4": {
                    "ChemCommon\\": "src"
                }
            },
            "license": [
                "MIT"
            ],
            "authors": [
                {
                    "name": "Shane Burns",
                    "email": "mcshaneburns@gmail.com"
                }
            ],
            "description": "Main encapsulation of core functionality in MVC, CORE, or API application.",
            "time": "2024-04-21T05:03:48+00:00"
        }
    ],
    "packages-dev": [],
    "aliases": [],
    "minimum-stability": "stable",
    "stability-flags": {
        "mcshane/chem-common": 20
    },
    "prefer-stable": false,
    "prefer-lowest": false,
    "platform": [],
    "platform-dev": [],
    "plugin-api-version": "2.3.0"
}
